// !$*UTF8*$!
{
	archiveVersion = 1;
	classes = {
	};
	objectVersion = 50;
	objects = {

/* Begin PBXBuildFile section */
		7CAA51112611FA05007E6235 /* AppDelegate.swift in Sources */ = {isa = PBXBuildFile; fileRef = 7CAA51102611FA05007E6235 /* AppDelegate.swift */; };
		7CAA51132611FA05007E6235 /* SceneDelegate.swift in Sources */ = {isa = PBXBuildFile; fileRef = 7CAA51122611FA05007E6235 /* SceneDelegate.swift */; };
		7CAA51152611FA05007E6235 /* ViewController.swift in Sources */ = {isa = PBXBuildFile; fileRef = 7CAA51142611FA05007E6235 /* ViewController.swift */; };
		7CAA51182611FA05007E6235 /* Main.storyboard in Resources */ = {isa = PBXBuildFile; fileRef = 7CAA51162611FA05007E6235 /* Main.storyboard */; };
		7CAA511A2611FA06007E6235 /* Assets.xcassets in Resources */ = {isa = PBXBuildFile; fileRef = 7CAA51192611FA06007E6235 /* Assets.xcassets */; };
		7CAA511D2611FA06007E6235 /* LaunchScreen.storyboard in Resources */ = {isa = PBXBuildFile; fileRef = 7CAA511B2611FA06007E6235 /* LaunchScreen.storyboard */; };
		7CAA514A26123886007E6235 /* Configuration.swift in Sources */ = {isa = PBXBuildFile; fileRef = 7CAA514926123886007E6235 /* Configuration.swift */; };
		F1A91C745B48FFF0DAE98842 /* Pods_BuildConfigDemo.framework in Frameworks */ = {isa = PBXBuildFile; fileRef = D2CFD7A15C5DE966E97D12AA /* Pods_BuildConfigDemo.framework */; };
/* End PBXBuildFile section */

/* Begin PBXFileReference section */
		2422D0C577458453CB5D198E /* Pods-BuildConfigDemo.production.xcconfig */ = {isa = PBXFileReference; includeInIndex = 1; lastKnownFileType = text.xcconfig; name = "Pods-BuildConfigDemo.production.xcconfig"; path = "Target Support Files/Pods-BuildConfigDemo/Pods-BuildConfigDemo.production.xcconfig"; sourceTree = "<group>"; };
		3BD842B8AB716A97FE0BDF6A /* Pods-BuildConfigDemo.development.xcconfig */ = {isa = PBXFileReference; includeInIndex = 1; lastKnownFileType = text.xcconfig; name = "Pods-BuildConfigDemo.development.xcconfig"; path = "Target Support Files/Pods-BuildConfigDemo/Pods-BuildConfigDemo.development.xcconfig"; sourceTree = "<group>"; };
		7CAA510D2611FA05007E6235 /*  AwsomeAppDev.app */ = {isa = PBXFileReference; explicitFileType = wrapper.application; includeInIndex = 0; path = " AwsomeAppDev.app"; sourceTree = BUILT_PRODUCTS_DIR; };
		7CAA51102611FA05007E6235 /* AppDelegate.swift */ = {isa = PBXFileReference; lastKnownFileType = sourcecode.swift; path = AppDelegate.swift; sourceTree = "<group>"; };
		7CAA51122611FA05007E6235 /* SceneDelegate.swift */ = {isa = PBXFileReference; lastKnownFileType = sourcecode.swift; path = SceneDelegate.swift; sourceTree = "<group>"; };
		7CAA51142611FA05007E6235 /* ViewController.swift */ = {isa = PBXFileReference; lastKnownFileType = sourcecode.swift; path = ViewController.swift; sourceTree = "<group>"; };
		7CAA51172611FA05007E6235 /* Base */ = {isa = PBXFileReference; lastKnownFileType = file.storyboard; name = Base; path = Base.lproj/Main.storyboard; sourceTree = "<group>"; };
		7CAA51192611FA06007E6235 /* Assets.xcassets */ = {isa = PBXFileReference; lastKnownFileType = folder.assetcatalog; path = Assets.xcassets; sourceTree = "<group>"; };
		7CAA511C2611FA06007E6235 /* Base */ = {isa = PBXFileReference; lastKnownFileType = file.storyboard; name = Base; path = Base.lproj/LaunchScreen.storyboard; sourceTree = "<group>"; };
		7CAA511E2611FA06007E6235 /* Info.plist */ = {isa = PBXFileReference; lastKnownFileType = text.plist.xml; path = Info.plist; sourceTree = "<group>"; };
		7CAA51252611FA19007E6235 /* Development.xcconfig */ = {isa = PBXFileReference; lastKnownFileType = text.xcconfig; path = Development.xcconfig; sourceTree = "<group>"; };
		7CAA512A2611FA77007E6235 /* Production.xcconfig */ = {isa = PBXFileReference; lastKnownFileType = text.xcconfig; path = Production.xcconfig; sourceTree = "<group>"; };
		7CAA514926123886007E6235 /* Configuration.swift */ = {isa = PBXFileReference; lastKnownFileType = sourcecode.swift; path = Configuration.swift; sourceTree = "<group>"; };
		D2CFD7A15C5DE966E97D12AA /* Pods_BuildConfigDemo.framework */ = {isa = PBXFileReference; explicitFileType = wrapper.framework; includeInIndex = 0; path = Pods_BuildConfigDemo.framework; sourceTree = BUILT_PRODUCTS_DIR; };
/* End PBXFileReference section */

/* Begin PBXFrameworksBuildPhase section */
		7CAA510A2611FA05007E6235 /* Frameworks */ = {
			isa = PBXFrameworksBuildPhase;
			buildActionMask = 2147483647;
			files = (
				F1A91C745B48FFF0DAE98842 /* Pods_BuildConfigDemo.framework in Frameworks */,
			);
			runOnlyForDeploymentPostprocessing = 0;
		};
/* End PBXFrameworksBuildPhase section */

/* Begin PBXGroup section */
		0683BB8AE2FBD6A0E41F9B13 /* Pods */ = {
			isa = PBXGroup;
			children = (
				3BD842B8AB716A97FE0BDF6A /* Pods-BuildConfigDemo.development.xcconfig */,
				2422D0C577458453CB5D198E /* Pods-BuildConfigDemo.production.xcconfig */,
			);
			path = Pods;
			sourceTree = "<group>";
		};
		25EBAFC488F1FA05B262FE87 /* Frameworks */ = {
			isa = PBXGroup;
			children = (
				D2CFD7A15C5DE966E97D12AA /* Pods_BuildConfigDemo.framework */,
			);
			name = Frameworks;
			sourceTree = "<group>";
		};
		7CAA51042611FA05007E6235 = {
			isa = PBXGroup;
			children = (
				7CAA512B2611FA89007E6235 /* Configurations */,
				7CAA510F2611FA05007E6235 /* BuildConfigDemo */,
				7CAA510E2611FA05007E6235 /* Products */,
				0683BB8AE2FBD6A0E41F9B13 /* Pods */,
				25EBAFC488F1FA05B262FE87 /* Frameworks */,
			);
			sourceTree = "<group>";
		};
		7CAA510E2611FA05007E6235 /* Products */ = {
			isa = PBXGroup;
			children = (
				7CAA510D2611FA05007E6235 /*  AwsomeAppDev.app */,
			);
			name = Products;
			sourceTree = "<group>";
		};
		7CAA510F2611FA05007E6235 /* BuildConfigDemo */ = {
			isa = PBXGroup;
			children = (
				7CAA51102611FA05007E6235 /* AppDelegate.swift */,
				7CAA51122611FA05007E6235 /* SceneDelegate.swift */,
				7CAA51142611FA05007E6235 /* ViewController.swift */,
				7CAA51162611FA05007E6235 /* Main.storyboard */,
				7CAA51192611FA06007E6235 /* Assets.xcassets */,
				7CAA511B2611FA06007E6235 /* LaunchScreen.storyboard */,
				7CAA511E2611FA06007E6235 /* Info.plist */,
			);
			path = BuildConfigDemo;
			sourceTree = "<group>";
		};
		7CAA512B2611FA89007E6235 /* Configurations */ = {
			isa = PBXGroup;
			children = (
				7CAA51252611FA19007E6235 /* Development.xcconfig */,
				7CAA512A2611FA77007E6235 /* Production.xcconfig */,
				7CAA514926123886007E6235 /* Configuration.swift */,
			);
			path = Configurations;
			sourceTree = "<group>";
		};
/* End PBXGroup section */

/* Begin PBXNativeTarget section */
		7CAA510C2611FA05007E6235 /* BuildConfigDemo */ = {
			isa = PBXNativeTarget;
			buildConfigurationList = 7CAA51212611FA06007E6235 /* Build configuration list for PBXNativeTarget "BuildConfigDemo" */;
			buildPhases = (
				A0BB7E81912DF8B3553BA68E /* [CP] Check Pods Manifest.lock */,
				7CAA51092611FA05007E6235 /* Sources */,
				7CAA510A2611FA05007E6235 /* Frameworks */,
				7CAA510B2611FA05007E6235 /* Resources */,
			);
			buildRules = (
			);
			dependencies = (
			);
			name = BuildConfigDemo;
			productName = BuildConfigDemo;
			productReference = 7CAA510D2611FA05007E6235 /*  AwsomeAppDev.app */;
			productType = "com.apple.product-type.application";
		};
/* End PBXNativeTarget section */

/* Begin PBXProject section */
		7CAA51052611FA05007E6235 /* Project object */ = {
			isa = PBXProject;
			attributes = {
				LastSwiftUpdateCheck = 1240;
				LastUpgradeCheck = 1240;
				TargetAttributes = {
					7CAA510C2611FA05007E6235 = {
						CreatedOnToolsVersion = 12.4;
					};
				};
			};
			buildConfigurationList = 7CAA51082611FA05007E6235 /* Build configuration list for PBXProject "BuildConfigDemo" */;
			compatibilityVersion = "Xcode 9.3";
			developmentRegion = en;
			hasScannedForEncodings = 0;
			knownRegions = (
				en,
				Base,
			);
			mainGroup = 7CAA51042611FA05007E6235;
			productRefGroup = 7CAA510E2611FA05007E6235 /* Products */;
			projectDirPath = "";
			projectRoot = "";
			targets = (
				7CAA510C2611FA05007E6235 /* BuildConfigDemo */,
			);
		};
/* End PBXProject section */

/* Begin PBXResourcesBuildPhase section */
		7CAA510B2611FA05007E6235 /* Resources */ = {
			isa = PBXResourcesBuildPhase;
			buildActionMask = 2147483647;
			files = (
				7CAA511D2611FA06007E6235 /* LaunchScreen.storyboard in Resources */,
				7CAA511A2611FA06007E6235 /* Assets.xcassets in Resources */,
				7CAA51182611FA05007E6235 /* Main.storyboard in Resources */,
			);
			runOnlyForDeploymentPostprocessing = 0;
		};
/* End PBXResourcesBuildPhase section */

/* Begin PBXShellScriptBuildPhase section */
		A0BB7E81912DF8B3553BA68E /* [CP] Check Pods Manifest.lock */ = {
			isa = PBXShellScriptBuildPhase;
			buildActionMask = 2147483647;
			files = (
			);
			inputFileListPaths = (
			);
			inputPaths = (
				"${PODS_PODFILE_DIR_PATH}/Podfile.lock",
				"${PODS_ROOT}/Manifest.lock",
			);
			name = "[CP] Check Pods Manifest.lock";
			outputFileListPaths = (
			);
			outputPaths = (
				"$(DERIVED_FILE_DIR)/Pods-BuildConfigDemo-checkManifestLockResult.txt",
			);
			runOnlyForDeploymentPostprocessing = 0;
			shellPath = /bin/sh;
			shellScript = "diff \"${PODS_PODFILE_DIR_PATH}/Podfile.lock\" \"${PODS_ROOT}/Manifest.lock\" > /dev/null\nif [ $? != 0 ] ; then\n    # print error to STDERR\n    echo \"error: The sandbox is not in sync with the Podfile.lock. Run 'pod install' or update your CocoaPods installation.\" >&2\n    exit 1\nfi\n# This output is used by Xcode 'outputs' to avoid re-running this script phase.\necho \"SUCCESS\" > \"${SCRIPT_OUTPUT_FILE_0}\"\n";
			showEnvVarsInLog = 0;
		};
/* End PBXShellScriptBuildPhase section */

/* Begin PBXSourcesBuildPhase section */
		7CAA51092611FA05007E6235 /* Sources */ = {
			isa = PBXSourcesBuildPhase;
			buildActionMask = 2147483647;
			files = (
				7CAA51152611FA05007E6235 /* ViewController.swift in Sources */,
				7CAA51112611FA05007E6235 /* AppDelegate.swift in Sources */,
				7CAA514A26123886007E6235 /* Configuration.swift in Sources */,
				7CAA51132611FA05007E6235 /* SceneDelegate.swift in Sources */,
			);
			runOnlyForDeploymentPostprocessing = 0;
		};
/* End PBXSourcesBuildPhase section */

/* Begin PBXVariantGroup section */
		7CAA51162611FA05007E6235 /* Main.storyboard */ = {
			isa = PBXVariantGroup;
			children = (
				7CAA51172611FA05007E6235 /* Base */,
			);
			name = Main.storyboard;
			sourceTree = "<group>";
		};
		7CAA511B2611FA06007E6235 /* LaunchScreen.storyboard */ = {
			isa = PBXVariantGroup;
			children = (
				7CAA511C2611FA06007E6235 /* Base */,
			);
			name = LaunchScreen.storyboard;
			sourceTree = "<group>";
		};
/* End PBXVariantGroup section */

/* Begin XCBuildConfiguration section */
		7CAA511F2611FA06007E6235 /* Development */ = {
			isa = XCBuildConfiguration;
			baseConfigurationReference = 7CAA51252611FA19007E6235 /* Development.xcconfig */;
			buildSettings = {
				ALWAYS_SEARCH_USER_PATHS = NO;
				CLANG_ANALYZER_NONNULL = YES;
				CLANG_ANALYZER_NUMBER_OBJECT_CONVERSION = YES_AGGRESSIVE;
				CLANG_CXX_LANGUAGE_STANDARD = "gnu++14";
				CLANG_CXX_LIBRARY = "libc++";
				CLANG_ENABLE_MODULES = YES;
				CLANG_ENABLE_OBJC_ARC = YES;
				CLANG_ENABLE_OBJC_WEAK = YES;
				CLANG_WARN_BLOCK_CAPTURE_AUTORELEASING = YES;
				CLANG_WARN_BOOL_CONVERSION = YES;
				CLANG_WARN_COMMA = YES;
				CLANG_WARN_CONSTANT_CONVERSION = YES;
				CLANG_WARN_DEPRECATED_OBJC_IMPLEMENTATIONS = YES;
				CLANG_WARN_DIRECT_OBJC_ISA_USAGE = YES_ERROR;
				CLANG_WARN_DOCUMENTATION_COMMENTS = YES;
				CLANG_WARN_EMPTY_BODY = YES;
				CLANG_WARN_ENUM_CONVERSION = YES;
				CLANG_WARN_INFINITE_RECURSION = YES;
				CLANG_WARN_INT_CONVERSION = YES;
				CLANG_WARN_NON_LITERAL_NULL_CONVERSION = YES;
				CLANG_WARN_OBJC_IMPLICIT_RETAIN_SELF = YES;
				CLANG_WARN_OBJC_LITERAL_CONVERSION = YES;
				CLANG_WARN_OBJC_ROOT_CLASS = YES_ERROR;
				CLANG_WARN_QUOTED_INCLUDE_IN_FRAMEWORK_HEADER = YES;
				CLANG_WARN_RANGE_LOOP_ANALYSIS = YES;
				CLANG_WARN_STRICT_PROTOTYPES = YES;
				CLANG_WARN_SUSPICIOUS_MOVE = YES;
				CLANG_WARN_UNGUARDED_AVAILABILITY = YES_AGGRESSIVE;
				CLANG_WARN_UNREACHABLE_CODE = YES;
				CLANG_WARN__DUPLICATE_METHOD_MATCH = YES;
				COPY_PHASE_STRIP = NO;
				DEBUG_INFORMATION_FORMAT = dwarf;
				ENABLE_STRICT_OBJC_MSGSEND = YES;
				ENABLE_TESTABILITY = YES;
				GCC_C_LANGUAGE_STANDARD = gnu11;
				GCC_DYNAMIC_NO_PIC = NO;
				GCC_NO_COMMON_BLOCKS = YES;
				GCC_OPTIMIZATION_LEVEL = 0;
				GCC_PREPROCESSOR_DEFINITIONS = (
					"DEBUG=1",
					"$(inherited)",
				);
				GCC_WARN_64_TO_32_BIT_CONVERSION = YES;
				GCC_WARN_ABOUT_RETURN_TYPE = YES_ERROR;
				GCC_WARN_UNDECLARED_SELECTOR = YES;
				GCC_WARN_UNINITIALIZED_AUTOS = YES_AGGRESSIVE;
				GCC_WARN_UNUSED_FUNCTION = YES;
				GCC_WARN_UNUSED_VARIABLE = YES;
				IPHONEOS_DEPLOYMENT_TARGET = 14.4;
				MTL_ENABLE_DEBUG_INFO = INCLUDE_SOURCE;
				MTL_FAST_MATH = YES;
				ONLY_ACTIVE_ARCH = YES;
				SDKROOT = iphoneos;
				SWIFT_ACTIVE_COMPILATION_CONDITIONS = "DEBUG ENABLE_LOGGER";
				SWIFT_OPTIMIZATION_LEVEL = "-Onone";
			};
			name = Development;
		};
		7CAA51202611FA06007E6235 /* Production */ = {
			isa = XCBuildConfiguration;
			baseConfigurationReference = 7CAA512A2611FA77007E6235 /* Production.xcconfig */;
			buildSettings = {
				ALWAYS_SEARCH_USER_PATHS = NO;
				CLANG_ANALYZER_NONNULL = YES;
				CLANG_ANALYZER_NUMBER_OBJECT_CONVERSION = YES_AGGRESSIVE;
				CLANG_CXX_LANGUAGE_STANDARD = "gnu++14";
				CLANG_CXX_LIBRARY = "libc++";
				CLANG_ENABLE_MODULES = YES;
				CLANG_ENABLE_OBJC_ARC = YES;
				CLANG_ENABLE_OBJC_WEAK = YES;
				CLANG_WARN_BLOCK_CAPTURE_AUTORELEASING = YES;
				CLANG_WARN_BOOL_CONVERSION = YES;
				CLANG_WARN_COMMA = YES;
				CLANG_WARN_CONSTANT_CONVERSION = YES;
				CLANG_WARN_DEPRECATED_OBJC_IMPLEMENTATIONS = YES;
				CLANG_WARN_DIRECT_OBJC_ISA_USAGE = YES_ERROR;
				CLANG_WARN_DOCUMENTATION_COMMENTS = YES;
				CLANG_WARN_EMPTY_BODY = YES;
				CLANG_WARN_ENUM_CONVERSION = YES;
				CLANG_WARN_INFINITE_RECURSION = YES;
				CLANG_WARN_INT_CONVERSION = YES;
				CLANG_WARN_NON_LITERAL_NULL_CONVERSION = YES;
				CLANG_WARN_OBJC_IMPLICIT_RETAIN_SELF = YES;
				CLANG_WARN_OBJC_LITERAL_CONVERSION = YES;
				CLANG_WARN_OBJC_ROOT_CLASS = YES_ERROR;
				CLANG_WARN_QUOTED_INCLUDE_IN_FRAMEWORK_HEADER = YES;
				CLANG_WARN_RANGE_LOOP_ANALYSIS = YES;
				CLANG_WARN_STRICT_PROTOTYPES = YES;
				CLANG_WARN_SUSPICIOUS_MOVE = YES;
				CLANG_WARN_UNGUARDED_AVAILABILITY = YES_AGGRESSIVE;
				CLANG_WARN_UNREACHABLE_CODE = YES;
				CLANG_WARN__DUPLICATE_METHOD_MATCH = YES;
				COPY_PHASE_STRIP = NO;
				DEBUG_INFORMATION_FORMAT = "dwarf-with-dsym";
				ENABLE_NS_ASSERTIONS = NO;
				ENABLE_STRICT_OBJC_MSGSEND = YES;
				GCC_C_LANGUAGE_STANDARD = gnu11;
				GCC_NO_COMMON_BLOCKS = YES;
				GCC_WARN_64_TO_32_BIT_CONVERSION = YES;
				GCC_WARN_ABOUT_RETURN_TYPE = YES_ERROR;
				GCC_WARN_UNDECLARED_SELECTOR = YES;
				GCC_WARN_UNINITIALIZED_AUTOS = YES_AGGRESSIVE;
				GCC_WARN_UNUSED_FUNCTION = YES;
				GCC_WARN_UNUSED_VARIABLE = YES;
				IPHONEOS_DEPLOYMENT_TARGET = 14.4;
				MTL_ENABLE_DEBUG_INFO = NO;
				MTL_FAST_MATH = YES;
				SDKROOT = iphoneos;
				SWIFT_COMPILATION_MODE = wholemodule;
				SWIFT_OPTIMIZATION_LEVEL = "-O";
				VALIDATE_PRODUCT = YES;
			};
			name = Production;
		};
		7CAA51222611FA06007E6235 /* Development */ = {
			isa = XCBuildConfiguration;
			baseConfigurationReference = 3BD842B8AB716A97FE0BDF6A /* Pods-BuildConfigDemo.development.xcconfig */;
			buildSettings = {
				ASSETCATALOG_COMPILER_GLOBAL_ACCENT_COLOR_NAME = AccentColor;
				CODE_SIGN_STYLE = Automatic;
				DEVELOPMENT_TEAM = 6B84R8H562;
				INFOPLIST_FILE = BuildConfigDemo/Info.plist;
				LD_RUNPATH_SEARCH_PATHS = (
					"$(inherited)",
					"@executable_path/Frameworks",
				);
				SWIFT_VERSION = 5.0;
				TARGETED_DEVICE_FAMILY = "1,2";
			};
			name = Development;
		};
		7CAA51232611FA06007E6235 /* Production */ = {
			isa = XCBuildConfiguration;
			baseConfigurationReference = 2422D0C577458453CB5D198E /* Pods-BuildConfigDemo.production.xcconfig */;
			buildSettings = {
				ASSETCATALOG_COMPILER_GLOBAL_ACCENT_COLOR_NAME = AccentColor;
				CODE_SIGN_STYLE = Automatic;
				DEVELOPMENT_TEAM = 6B84R8H562;
				INFOPLIST_FILE = BuildConfigDemo/Info.plist;
				LD_RUNPATH_SEARCH_PATHS = (
					"$(inherited)",
					"@executable_path/Frameworks",
				);
				ONLY_ACTIVE_ARCH = NO;
				SWIFT_VERSION = 5.0;
				TARGETED_DEVICE_FAMILY = "1,2";
			};
			name = Production;
		};
/* End XCBuildConfiguration section */

/* Begin XCConfigurationList section */
		7CAA51082611FA05007E6235 /* Build configuration list for PBXProject "BuildConfigDemo" */ = {
			isa = XCConfigurationList;
			buildConfigurations = (
				7CAA511F2611FA06007E6235 /* Development */,
				7CAA51202611FA06007E6235 /* Production */,
			);
			defaultConfigurationIsVisible = 0;
			defaultConfigurationName = Production;
		};
		7CAA51212611FA06007E6235 /* Build configuration list for PBXNativeTarget "BuildConfigDemo" */ = {
			isa = XCConfigurationList;
			buildConfigurations = (
				7CAA51222611FA06007E6235 /* Development */,
				7CAA51232611FA06007E6235 /* Production */,
			);
			defaultConfigurationIsVisible = 0;
			defaultConfigurationName = Production;
		};
/* End XCConfigurationList section */
	};
	rootObject = 7CAA51052611FA05007E6235 /* Project object */;
}
